
Microsoft Visual Studio Solution File, Format Version 12.00
# Visual Studio Version 16
VisualStudioVersion = 16.0.30907.101
MinimumVisualStudioVersion = 10.0.40219.1
Project("{FAE04EC0-301F-11D3-BF4B-00C04F79EFBC}") = "COMP2001_Authentication_Application", "COMP2001_Authentication_Application\COMP2001_Authentication_Application.csproj", "{25845A43-BC25-44D9-9D80-C37EF5CFC533}"
EndProject
Global
	GlobalSection(SolutionConfigurationPlatforms) = preSolution
		Debug|Any CPU = Debug|Any CPU
		Release|Any CPU = Release|Any CPU
	EndGlobalSection
	GlobalSection(ProjectConfigurationPlatforms) = postSolution
		{25845A43-BC25-44D9-9D80-C37EF5CFC533}.Debug|Any CPU.ActiveCfg = Debug|Any CPU
		{25845A43-BC25-44D9-9D80-C37EF5CFC533}.Debug|Any CPU.Build.0 = Debug|Any CPU
		{25845A43-BC25-44D9-9D80-C37EF5CFC533}.Release|Any CPU.ActiveCfg = Release|Any CPU
		{25845A43-BC25-44D9-9D80-C37EF5CFC533}.Release|Any CPU.Build.0 = Release|Any CPU
	EndGlobalSection
	GlobalSection(SolutionProperties) = preSolution
		HideSolutionNode = FALSE
	EndGlobalSection
	GlobalSection(ExtensibilityGlobals) = postSolution
		SolutionGuid = {54CB1959-1EA0-4377-8118-B47557845928}
	EndGlobalSection
EndGlobal
